
Microsoft Visual Studio Solution File, Format Version 12.00
# Visual Studio Version 17
VisualStudioVersion = 17.5.33502.453
MinimumVisualStudioVersion = 10.0.40219.1
Project("{FAE04EC0-301F-11D3-BF4B-00C04F79EFBC}") = "Pregunta_2", "Pregunta_2\Pregunta_2.csproj", "{0350CFDE-DC58-4290-AE93-3A3DEB18CF6C}"
EndProject
Global
	GlobalSection(SolutionConfigurationPlatforms) = preSolution
		Debug|Any CPU = Debug|Any CPU
		Release|Any CPU = Release|Any CPU
	EndGlobalSection
	GlobalSection(ProjectConfigurationPlatforms) = postSolution
		{0350CFDE-DC58-4290-AE93-3A3DEB18CF6C}.Debug|Any CPU.ActiveCfg = Debug|Any CPU
		{0350CFDE-DC58-4290-AE93-3A3DEB18CF6C}.Debug|Any CPU.Build.0 = Debug|Any CPU
		{0350CFDE-DC58-4290-AE93-3A3DEB18CF6C}.Release|Any CPU.ActiveCfg = Release|Any CPU
		{0350CFDE-DC58-4290-AE93-3A3DEB18CF6C}.Release|Any CPU.Build.0 = Release|Any CPU
	EndGlobalSection
	GlobalSection(SolutionProperties) = preSolution
		HideSolutionNode = FALSE
	EndGlobalSection
	GlobalSection(ExtensibilityGlobals) = postSolution
		SolutionGuid = {F6053770-9A45-4F46-BFF4-5F95EAC8890B}
	EndGlobalSection
EndGlobal
